// !$*UTF8*$!
{
	archiveVersion = 1;
	classes = {
	};
	objectVersion = 56;
	objects = {

/* Begin PBXBuildFile section */
		4F0F23DB2C4678DA00797042 /* Country.swift in Sources */ = {isa = PBXBuildFile; fileRef = 4F0F23DA2C4678DA00797042 /* Country.swift */; };
		4F0F23DE2C467FB300797042 /* GameScreen.swift in Sources */ = {isa = PBXBuildFile; fileRef = 4F0F23DD2C467FB300797042 /* GameScreen.swift */; };
		4F0F23E02C4681A100797042 /* GameUtils.swift in Sources */ = {isa = PBXBuildFile; fileRef = 4F0F23DF2C4681A100797042 /* GameUtils.swift */; };
		4F0F23E22C468D0100797042 /* StartView.swift in Sources */ = {isa = PBXBuildFile; fileRef = 4F0F23E12C468D0100797042 /* StartView.swift */; };
		4F0F23E42C468D4E00797042 /* GameView.swift in Sources */ = {isa = PBXBuildFile; fileRef = 4F0F23E32C468D4E00797042 /* GameView.swift */; };
		4FFBC3BF2C46608400FE68D9 /* GourmetGuesserApp.swift in Sources */ = {isa = PBXBuildFile; fileRef = 4FFBC3BE2C46608400FE68D9 /* GourmetGuesserApp.swift */; };
		4FFBC3C12C46608400FE68D9 /* MainScreen.swift in Sources */ = {isa = PBXBuildFile; fileRef = 4FFBC3C02C46608400FE68D9 /* MainScreen.swift */; };
		4FFBC3C32C46608500FE68D9 /* Assets.xcassets in Resources */ = {isa = PBXBuildFile; fileRef = 4FFBC3C22C46608500FE68D9 /* Assets.xcassets */; };
		4FFBC3C62C46608500FE68D9 /* Preview Assets.xcassets in Resources */ = {isa = PBXBuildFile; fileRef = 4FFBC3C52C46608500FE68D9 /* Preview Assets.xcassets */; };
		4FFBC3D32C46624D00FE68D9 /* Launch Screen.storyboard in Resources */ = {isa = PBXBuildFile; fileRef = 4FFBC3D22C46624D00FE68D9 /* Launch Screen.storyboard */; };
		4FFBC3D62C4663CB00FE68D9 /* SwiftChameleon in Frameworks */ = {isa = PBXBuildFile; productRef = 4FFBC3D52C4663CB00FE68D9 /* SwiftChameleon */; };
		4FFBC3D92C4663D300FE68D9 /* Mammut in Frameworks */ = {isa = PBXBuildFile; productRef = 4FFBC3D82C4663D300FE68D9 /* Mammut */; };
		4FFBC3DC2C4663F800FE68D9 /* NetworkEnv.swift in Sources */ = {isa = PBXBuildFile; fileRef = 4FFBC3DB2C4663F800FE68D9 /* NetworkEnv.swift */; };
		4FFBC3DE2C46642800FE68D9 /* Network.swift in Sources */ = {isa = PBXBuildFile; fileRef = 4FFBC3DD2C46642800FE68D9 /* Network.swift */; };
		4FFBC3E02C46647600FE68D9 /* ErrorObj.swift in Sources */ = {isa = PBXBuildFile; fileRef = 4FFBC3DF2C46647600FE68D9 /* ErrorObj.swift */; };
		4FFBC3E22C46649200FE68D9 /* OpenFoodAPI.swift in Sources */ = {isa = PBXBuildFile; fileRef = 4FFBC3E12C46649200FE68D9 /* OpenFoodAPI.swift */; };
		4FFBC3E42C46649A00FE68D9 /* FoodGameAPI.swift in Sources */ = {isa = PBXBuildFile; fileRef = 4FFBC3E32C46649A00FE68D9 /* FoodGameAPI.swift */; };
		4FFBC3E72C46670800FE68D9 /* Color.swift in Sources */ = {isa = PBXBuildFile; fileRef = 4FFBC3E62C46670800FE68D9 /* Color.swift */; };
		4FFBC3E92C46672400FE68D9 /* Font.swift in Sources */ = {isa = PBXBuildFile; fileRef = 4FFBC3E82C46672400FE68D9 /* Font.swift */; };
		4FFBC3EB2C466CFF00FE68D9 /* PocketBase.swift in Sources */ = {isa = PBXBuildFile; fileRef = 4FFBC3EA2C466CFF00FE68D9 /* PocketBase.swift */; };
		4FFBC3ED2C466D2F00FE68D9 /* Gourmet.swift in Sources */ = {isa = PBXBuildFile; fileRef = 4FFBC3EC2C466D2F00FE68D9 /* Gourmet.swift */; };
		4FFBC3EF2C466D3700FE68D9 /* Ingredient.swift in Sources */ = {isa = PBXBuildFile; fileRef = 4FFBC3EE2C466D3700FE68D9 /* Ingredient.swift */; };
		4FFBC3F12C466EF500FE68D9 /* AppUtils.swift in Sources */ = {isa = PBXBuildFile; fileRef = 4FFBC3F02C466EF500FE68D9 /* AppUtils.swift */; };
		4FFBC3F62C4671A800FE68D9 /* LoadingScreen.swift in Sources */ = {isa = PBXBuildFile; fileRef = 4FFBC3F52C4671A800FE68D9 /* LoadingScreen.swift */; };
		A61A4BD92C47082C00547024 /* BouncingView.swift in Sources */ = {isa = PBXBuildFile; fileRef = A61A4BD82C47082B00547024 /* BouncingView.swift */; };
		A61A4BDF2C4709E900547024 /* GuessView.swift in Sources */ = {isa = PBXBuildFile; fileRef = A61A4BDE2C4709E900547024 /* GuessView.swift */; };
		A61A4BE12C4709FA00547024 /* Bouncy.swift in Sources */ = {isa = PBXBuildFile; fileRef = A61A4BE02C4709FA00547024 /* Bouncy.swift */; };
/* End PBXBuildFile section */

/* Begin PBXFileReference section */
		4F0F23DA2C4678DA00797042 /* Country.swift */ = {isa = PBXFileReference; lastKnownFileType = sourcecode.swift; path = Country.swift; sourceTree = "<group>"; };
		4F0F23DD2C467FB300797042 /* GameScreen.swift */ = {isa = PBXFileReference; lastKnownFileType = sourcecode.swift; path = GameScreen.swift; sourceTree = "<group>"; };
		4F0F23DF2C4681A100797042 /* GameUtils.swift */ = {isa = PBXFileReference; lastKnownFileType = sourcecode.swift; path = GameUtils.swift; sourceTree = "<group>"; };
		4F0F23E12C468D0100797042 /* StartView.swift */ = {isa = PBXFileReference; lastKnownFileType = sourcecode.swift; path = StartView.swift; sourceTree = "<group>"; };
		4F0F23E32C468D4E00797042 /* GameView.swift */ = {isa = PBXFileReference; lastKnownFileType = sourcecode.swift; path = GameView.swift; sourceTree = "<group>"; };
		4FFBC3BB2C46608400FE68D9 /* GourmetGuesser.app */ = {isa = PBXFileReference; explicitFileType = wrapper.application; includeInIndex = 0; path = GourmetGuesser.app; sourceTree = BUILT_PRODUCTS_DIR; };
		4FFBC3BE2C46608400FE68D9 /* GourmetGuesserApp.swift */ = {isa = PBXFileReference; lastKnownFileType = sourcecode.swift; path = GourmetGuesserApp.swift; sourceTree = "<group>"; };
		4FFBC3C02C46608400FE68D9 /* MainScreen.swift */ = {isa = PBXFileReference; lastKnownFileType = sourcecode.swift; path = MainScreen.swift; sourceTree = "<group>"; };
		4FFBC3C22C46608500FE68D9 /* Assets.xcassets */ = {isa = PBXFileReference; lastKnownFileType = folder.assetcatalog; path = Assets.xcassets; sourceTree = "<group>"; };
		4FFBC3C52C46608500FE68D9 /* Preview Assets.xcassets */ = {isa = PBXFileReference; lastKnownFileType = folder.assetcatalog; path = "Preview Assets.xcassets"; sourceTree = "<group>"; };
		4FFBC3D22C46624D00FE68D9 /* Launch Screen.storyboard */ = {isa = PBXFileReference; lastKnownFileType = file.storyboard; path = "Launch Screen.storyboard"; sourceTree = "<group>"; };
		4FFBC3DB2C4663F800FE68D9 /* NetworkEnv.swift */ = {isa = PBXFileReference; lastKnownFileType = sourcecode.swift; path = NetworkEnv.swift; sourceTree = "<group>"; };
		4FFBC3DD2C46642800FE68D9 /* Network.swift */ = {isa = PBXFileReference; lastKnownFileType = sourcecode.swift; path = Network.swift; sourceTree = "<group>"; };
		4FFBC3DF2C46647600FE68D9 /* ErrorObj.swift */ = {isa = PBXFileReference; lastKnownFileType = sourcecode.swift; path = ErrorObj.swift; sourceTree = "<group>"; };
		4FFBC3E12C46649200FE68D9 /* OpenFoodAPI.swift */ = {isa = PBXFileReference; lastKnownFileType = sourcecode.swift; path = OpenFoodAPI.swift; sourceTree = "<group>"; };
		4FFBC3E32C46649A00FE68D9 /* FoodGameAPI.swift */ = {isa = PBXFileReference; lastKnownFileType = sourcecode.swift; path = FoodGameAPI.swift; sourceTree = "<group>"; };
		4FFBC3E62C46670800FE68D9 /* Color.swift */ = {isa = PBXFileReference; lastKnownFileType = sourcecode.swift; path = Color.swift; sourceTree = "<group>"; };
		4FFBC3E82C46672400FE68D9 /* Font.swift */ = {isa = PBXFileReference; lastKnownFileType = sourcecode.swift; path = Font.swift; sourceTree = "<group>"; };
		4FFBC3EA2C466CFF00FE68D9 /* PocketBase.swift */ = {isa = PBXFileReference; lastKnownFileType = sourcecode.swift; path = PocketBase.swift; sourceTree = "<group>"; };
		4FFBC3EC2C466D2F00FE68D9 /* Gourmet.swift */ = {isa = PBXFileReference; lastKnownFileType = sourcecode.swift; path = Gourmet.swift; sourceTree = "<group>"; };
		4FFBC3EE2C466D3700FE68D9 /* Ingredient.swift */ = {isa = PBXFileReference; lastKnownFileType = sourcecode.swift; path = Ingredient.swift; sourceTree = "<group>"; };
		4FFBC3F02C466EF500FE68D9 /* AppUtils.swift */ = {isa = PBXFileReference; lastKnownFileType = sourcecode.swift; path = AppUtils.swift; sourceTree = "<group>"; };
		4FFBC3F52C4671A800FE68D9 /* LoadingScreen.swift */ = {isa = PBXFileReference; lastKnownFileType = sourcecode.swift; path = LoadingScreen.swift; sourceTree = "<group>"; };
		A61A4BD82C47082B00547024 /* BouncingView.swift */ = {isa = PBXFileReference; lastKnownFileType = sourcecode.swift; path = BouncingView.swift; sourceTree = "<group>"; };
		A61A4BDE2C4709E900547024 /* GuessView.swift */ = {isa = PBXFileReference; fileEncoding = 4; lastKnownFileType = sourcecode.swift; path = GuessView.swift; sourceTree = "<group>"; };
		A61A4BE02C4709FA00547024 /* Bouncy.swift */ = {isa = PBXFileReference; lastKnownFileType = sourcecode.swift; path = Bouncy.swift; sourceTree = "<group>"; };
/* End PBXFileReference section */

/* Begin PBXFrameworksBuildPhase section */
		4FFBC3B82C46608400FE68D9 /* Frameworks */ = {
			isa = PBXFrameworksBuildPhase;
			buildActionMask = 2147483647;
			files = (
				4FFBC3D62C4663CB00FE68D9 /* SwiftChameleon in Frameworks */,
				4FFBC3D92C4663D300FE68D9 /* Mammut in Frameworks */,
			);
			runOnlyForDeploymentPostprocessing = 0;
		};
/* End PBXFrameworksBuildPhase section */

/* Begin PBXGroup section */
		4F0F23D92C4678CD00797042 /* Enumerations */ = {
			isa = PBXGroup;
			children = (
				4F0F23DA2C4678DA00797042 /* Country.swift */,
			);
			path = Enumerations;
			sourceTree = "<group>";
		};
		4F0F23DC2C467FA700797042 /* Game */ = {
			isa = PBXGroup;
			children = (
				4F0F23DD2C467FB300797042 /* GameScreen.swift */,
				4F0F23E12C468D0100797042 /* StartView.swift */,
				4F0F23E32C468D4E00797042 /* GameView.swift */,
			);
			path = Game;
			sourceTree = "<group>";
		};
		4FFBC3B22C46608400FE68D9 = {
			isa = PBXGroup;
			children = (
				4FFBC3BD2C46608400FE68D9 /* GourmetGuesser */,
				4FFBC3BC2C46608400FE68D9 /* Products */,
			);
			sourceTree = "<group>";
		};
		4FFBC3BC2C46608400FE68D9 /* Products */ = {
			isa = PBXGroup;
			children = (
				4FFBC3BB2C46608400FE68D9 /* GourmetGuesser.app */,
			);
			name = Products;
			sourceTree = "<group>";
		};
		4FFBC3BD2C46608400FE68D9 /* GourmetGuesser */ = {
			isa = PBXGroup;
			children = (
				4FFBC3CE2C46620D00FE68D9 /* App */,
				4FFBC3CD2C46620900FE68D9 /* Common */,
				4FFBC3CC2C46620300FE68D9 /* Resources */,
				4FFBC3C42C46608500FE68D9 /* Preview Content */,
			);
			path = GourmetGuesser;
			sourceTree = "<group>";
		};
		4FFBC3C42C46608500FE68D9 /* Preview Content */ = {
			isa = PBXGroup;
			children = (
				4FFBC3C52C46608500FE68D9 /* Preview Assets.xcassets */,
			);
			path = "Preview Content";
			sourceTree = "<group>";
		};
		4FFBC3CC2C46620300FE68D9 /* Resources */ = {
			isa = PBXGroup;
			children = (
				4FFBC3C22C46608500FE68D9 /* Assets.xcassets */,
			);
			path = Resources;
			sourceTree = "<group>";
		};
		4FFBC3CD2C46620900FE68D9 /* Common */ = {
			isa = PBXGroup;
			children = (
				A61A4BDC2C4709C600547024 /* Model */,
				4F0F23D92C4678CD00797042 /* Enumerations */,
				4FFBC3E52C46670000FE68D9 /* Extensions */,
				4FFBC3D02C46622B00FE68D9 /* Network */,
				4FFBC3F02C466EF500FE68D9 /* AppUtils.swift */,
				4F0F23DF2C4681A100797042 /* GameUtils.swift */,
			);
			path = Common;
			sourceTree = "<group>";
		};
		4FFBC3CE2C46620D00FE68D9 /* App */ = {
			isa = PBXGroup;
			children = (
				4F0F23DC2C467FA700797042 /* Game */,
				4FFBC3D12C46624300FE68D9 /* Launchscreen */,
				4FFBC3CF2C46621200FE68D9 /* Main */,
			);
			path = App;
			sourceTree = "<group>";
		};
		4FFBC3CF2C46621200FE68D9 /* Main */ = {
			isa = PBXGroup;
			children = (
				A61A4BD72C47080C00547024 /* RandomMovingViews */,
				A66720EE2C4701B90009CD69 /* Game */,
				4FFBC3BE2C46608400FE68D9 /* GourmetGuesserApp.swift */,
				4FFBC3C02C46608400FE68D9 /* MainScreen.swift */,
				4FFBC3F52C4671A800FE68D9 /* LoadingScreen.swift */,
			);
			path = Main;
			sourceTree = "<group>";
		};
		4FFBC3D02C46622B00FE68D9 /* Network */ = {
			isa = PBXGroup;
			children = (
				4FFBC3DA2C4663EB00FE68D9 /* Responses */,
				4FFBC3DB2C4663F800FE68D9 /* NetworkEnv.swift */,
				4FFBC3DD2C46642800FE68D9 /* Network.swift */,
				4FFBC3E12C46649200FE68D9 /* OpenFoodAPI.swift */,
				4FFBC3E32C46649A00FE68D9 /* FoodGameAPI.swift */,
			);
			path = Network;
			sourceTree = "<group>";
		};
		4FFBC3D12C46624300FE68D9 /* Launchscreen */ = {
			isa = PBXGroup;
			children = (
				4FFBC3D22C46624D00FE68D9 /* Launch Screen.storyboard */,
			);
			path = Launchscreen;
			sourceTree = "<group>";
		};
		4FFBC3DA2C4663EB00FE68D9 /* Responses */ = {
			isa = PBXGroup;
			children = (
				4FFBC3DF2C46647600FE68D9 /* ErrorObj.swift */,
				4FFBC3EA2C466CFF00FE68D9 /* PocketBase.swift */,
				4FFBC3EC2C466D2F00FE68D9 /* Gourmet.swift */,
				4FFBC3EE2C466D3700FE68D9 /* Ingredient.swift */,
			);
			path = Responses;
			sourceTree = "<group>";
		};
		4FFBC3E52C46670000FE68D9 /* Extensions */ = {
			isa = PBXGroup;
			children = (
				4FFBC3E62C46670800FE68D9 /* Color.swift */,
				4FFBC3E82C46672400FE68D9 /* Font.swift */,
			);
			path = Extensions;
			sourceTree = "<group>";
		};
		A61A4BD72C47080C00547024 /* RandomMovingViews */ = {
			isa = PBXGroup;
			children = (
				A61A4BD82C47082B00547024 /* BouncingView.swift */,
			);
			path = RandomMovingViews;
			sourceTree = "<group>";
		};
		A61A4BDC2C4709C600547024 /* Model */ = {
			isa = PBXGroup;
			children = (
				A61A4BE02C4709FA00547024 /* Bouncy.swift */,
			);
			name = Model;
			path = GourmetGuesser/Common/Model;
			sourceTree = SOURCE_ROOT;
		};
		A66720EE2C4701B90009CD69 /* Game */ = {
			isa = PBXGroup;
			children = (
				A61A4BDE2C4709E900547024 /* GuessView.swift */,
			);
			path = Game;
			sourceTree = "<group>";
		};
/* End PBXGroup section */

/* Begin PBXNativeTarget section */
		4FFBC3BA2C46608400FE68D9 /* GourmetGuesser */ = {
			isa = PBXNativeTarget;
			buildConfigurationList = 4FFBC3C92C46608500FE68D9 /* Build configuration list for PBXNativeTarget "GourmetGuesser" */;
			buildPhases = (
				4FFBC3B72C46608400FE68D9 /* Sources */,
				4FFBC3B82C46608400FE68D9 /* Frameworks */,
				4FFBC3B92C46608400FE68D9 /* Resources */,
			);
			buildRules = (
			);
			dependencies = (
			);
			name = GourmetGuesser;
			packageProductDependencies = (
				4FFBC3D52C4663CB00FE68D9 /* SwiftChameleon */,
				4FFBC3D82C4663D300FE68D9 /* Mammut */,
			);
			productName = GourmetGuesser;
			productReference = 4FFBC3BB2C46608400FE68D9 /* GourmetGuesser.app */;
			productType = "com.apple.product-type.application";
		};
/* End PBXNativeTarget section */

/* Begin PBXProject section */
		4FFBC3B32C46608400FE68D9 /* Project object */ = {
			isa = PBXProject;
			attributes = {
				BuildIndependentTargetsInParallel = 1;
				LastSwiftUpdateCheck = 1540;
				LastUpgradeCheck = 1540;
				TargetAttributes = {
					4FFBC3BA2C46608400FE68D9 = {
						CreatedOnToolsVersion = 15.4;
					};
				};
			};
			buildConfigurationList = 4FFBC3B62C46608400FE68D9 /* Build configuration list for PBXProject "GourmetGuesser" */;
			compatibilityVersion = "Xcode 14.0";
			developmentRegion = en;
			hasScannedForEncodings = 0;
			knownRegions = (
				en,
				Base,
			);
			mainGroup = 4FFBC3B22C46608400FE68D9;
			packageReferences = (
				4FFBC3D42C4663CB00FE68D9 /* XCRemoteSwiftPackageReference "SwiftChameleon" */,
				4FFBC3D72C4663D300FE68D9 /* XCRemoteSwiftPackageReference "Mammut" */,
			);
			productRefGroup = 4FFBC3BC2C46608400FE68D9 /* Products */;
			projectDirPath = "";
			projectRoot = "";
			targets = (
				4FFBC3BA2C46608400FE68D9 /* GourmetGuesser */,
			);
		};
/* End PBXProject section */

/* Begin PBXResourcesBuildPhase section */
		4FFBC3B92C46608400FE68D9 /* Resources */ = {
			isa = PBXResourcesBuildPhase;
			buildActionMask = 2147483647;
			files = (
				4FFBC3D32C46624D00FE68D9 /* Launch Screen.storyboard in Resources */,
				4FFBC3C62C46608500FE68D9 /* Preview Assets.xcassets in Resources */,
				4FFBC3C32C46608500FE68D9 /* Assets.xcassets in Resources */,
			);
			runOnlyForDeploymentPostprocessing = 0;
		};
/* End PBXResourcesBuildPhase section */

/* Begin PBXSourcesBuildPhase section */
		4FFBC3B72C46608400FE68D9 /* Sources */ = {
			isa = PBXSourcesBuildPhase;
			buildActionMask = 2147483647;
			files = (
				4FFBC3DC2C4663F800FE68D9 /* NetworkEnv.swift in Sources */,
				4FFBC3C12C46608400FE68D9 /* MainScreen.swift in Sources */,
				4FFBC3ED2C466D2F00FE68D9 /* Gourmet.swift in Sources */,
				A61A4BD92C47082C00547024 /* BouncingView.swift in Sources */,
				4FFBC3F12C466EF500FE68D9 /* AppUtils.swift in Sources */,
				4FFBC3E42C46649A00FE68D9 /* FoodGameAPI.swift in Sources */,
				4FFBC3F62C4671A800FE68D9 /* LoadingScreen.swift in Sources */,
				4FFBC3E22C46649200FE68D9 /* OpenFoodAPI.swift in Sources */,
				4FFBC3DE2C46642800FE68D9 /* Network.swift in Sources */,
				4FFBC3E92C46672400FE68D9 /* Font.swift in Sources */,
				4F0F23E22C468D0100797042 /* StartView.swift in Sources */,
				4FFBC3EB2C466CFF00FE68D9 /* PocketBase.swift in Sources */,
				4FFBC3EF2C466D3700FE68D9 /* Ingredient.swift in Sources */,
				4F0F23DB2C4678DA00797042 /* Country.swift in Sources */,
				4F0F23E42C468D4E00797042 /* GameView.swift in Sources */,
				4FFBC3E72C46670800FE68D9 /* Color.swift in Sources */,
				A61A4BDF2C4709E900547024 /* GuessView.swift in Sources */,
				A61A4BE12C4709FA00547024 /* Bouncy.swift in Sources */,
				4F0F23E02C4681A100797042 /* GameUtils.swift in Sources */,
				4F0F23DE2C467FB300797042 /* GameScreen.swift in Sources */,
				4FFBC3BF2C46608400FE68D9 /* GourmetGuesserApp.swift in Sources */,
				4FFBC3E02C46647600FE68D9 /* ErrorObj.swift in Sources */,
			);
			runOnlyForDeploymentPostprocessing = 0;
		};
/* End PBXSourcesBuildPhase section */

/* Begin XCBuildConfiguration section */
		4FFBC3C72C46608500FE68D9 /* Debug */ = {
			isa = XCBuildConfiguration;
			buildSettings = {
				ALWAYS_SEARCH_USER_PATHS = NO;
				ASSETCATALOG_COMPILER_GENERATE_SWIFT_ASSET_SYMBOL_EXTENSIONS = YES;
				CLANG_ANALYZER_NONNULL = YES;
				CLANG_ANALYZER_NUMBER_OBJECT_CONVERSION = YES_AGGRESSIVE;
				CLANG_CXX_LANGUAGE_STANDARD = "gnu++20";
				CLANG_ENABLE_MODULES = YES;
				CLANG_ENABLE_OBJC_ARC = YES;
				CLANG_ENABLE_OBJC_WEAK = YES;
				CLANG_WARN_BLOCK_CAPTURE_AUTORELEASING = YES;
				CLANG_WARN_BOOL_CONVERSION = YES;
				CLANG_WARN_COMMA = YES;
				CLANG_WARN_CONSTANT_CONVERSION = YES;
				CLANG_WARN_DEPRECATED_OBJC_IMPLEMENTATIONS = YES;
				CLANG_WARN_DIRECT_OBJC_ISA_USAGE = YES_ERROR;
				CLANG_WARN_DOCUMENTATION_COMMENTS = YES;
				CLANG_WARN_EMPTY_BODY = YES;
				CLANG_WARN_ENUM_CONVERSION = YES;
				CLANG_WARN_INFINITE_RECURSION = YES;
				CLANG_WARN_INT_CONVERSION = YES;
				CLANG_WARN_NON_LITERAL_NULL_CONVERSION = YES;
				CLANG_WARN_OBJC_IMPLICIT_RETAIN_SELF = YES;
				CLANG_WARN_OBJC_LITERAL_CONVERSION = YES;
				CLANG_WARN_OBJC_ROOT_CLASS = YES_ERROR;
				CLANG_WARN_QUOTED_INCLUDE_IN_FRAMEWORK_HEADER = YES;
				CLANG_WARN_RANGE_LOOP_ANALYSIS = YES;
				CLANG_WARN_STRICT_PROTOTYPES = YES;
				CLANG_WARN_SUSPICIOUS_MOVE = YES;
				CLANG_WARN_UNGUARDED_AVAILABILITY = YES_AGGRESSIVE;
				CLANG_WARN_UNREACHABLE_CODE = YES;
				CLANG_WARN__DUPLICATE_METHOD_MATCH = YES;
				COPY_PHASE_STRIP = NO;
				DEBUG_INFORMATION_FORMAT = dwarf;
				ENABLE_STRICT_OBJC_MSGSEND = YES;
				ENABLE_TESTABILITY = YES;
				ENABLE_USER_SCRIPT_SANDBOXING = YES;
				GCC_C_LANGUAGE_STANDARD = gnu17;
				GCC_DYNAMIC_NO_PIC = NO;
				GCC_NO_COMMON_BLOCKS = YES;
				GCC_OPTIMIZATION_LEVEL = 0;
				GCC_PREPROCESSOR_DEFINITIONS = (
					"DEBUG=1",
					"$(inherited)",
				);
				GCC_WARN_64_TO_32_BIT_CONVERSION = YES;
				GCC_WARN_ABOUT_RETURN_TYPE = YES_ERROR;
				GCC_WARN_UNDECLARED_SELECTOR = YES;
				GCC_WARN_UNINITIALIZED_AUTOS = YES_AGGRESSIVE;
				GCC_WARN_UNUSED_FUNCTION = YES;
				GCC_WARN_UNUSED_VARIABLE = YES;
				IPHONEOS_DEPLOYMENT_TARGET = 17.5;
				LOCALIZATION_PREFERS_STRING_CATALOGS = YES;
				MTL_ENABLE_DEBUG_INFO = INCLUDE_SOURCE;
				MTL_FAST_MATH = YES;
				ONLY_ACTIVE_ARCH = YES;
				SDKROOT = iphoneos;
				SWIFT_ACTIVE_COMPILATION_CONDITIONS = "DEBUG $(inherited)";
				SWIFT_OPTIMIZATION_LEVEL = "-Onone";
			};
			name = Debug;
		};
		4FFBC3C82C46608500FE68D9 /* Release */ = {
			isa = XCBuildConfiguration;
			buildSettings = {
				ALWAYS_SEARCH_USER_PATHS = NO;
				ASSETCATALOG_COMPILER_GENERATE_SWIFT_ASSET_SYMBOL_EXTENSIONS = YES;
				CLANG_ANALYZER_NONNULL = YES;
				CLANG_ANALYZER_NUMBER_OBJECT_CONVERSION = YES_AGGRESSIVE;
				CLANG_CXX_LANGUAGE_STANDARD = "gnu++20";
				CLANG_ENABLE_MODULES = YES;
				CLANG_ENABLE_OBJC_ARC = YES;
				CLANG_ENABLE_OBJC_WEAK = YES;
				CLANG_WARN_BLOCK_CAPTURE_AUTORELEASING = YES;
				CLANG_WARN_BOOL_CONVERSION = YES;
				CLANG_WARN_COMMA = YES;
				CLANG_WARN_CONSTANT_CONVERSION = YES;
				CLANG_WARN_DEPRECATED_OBJC_IMPLEMENTATIONS = YES;
				CLANG_WARN_DIRECT_OBJC_ISA_USAGE = YES_ERROR;
				CLANG_WARN_DOCUMENTATION_COMMENTS = YES;
				CLANG_WARN_EMPTY_BODY = YES;
				CLANG_WARN_ENUM_CONVERSION = YES;
				CLANG_WARN_INFINITE_RECURSION = YES;
				CLANG_WARN_INT_CONVERSION = YES;
				CLANG_WARN_NON_LITERAL_NULL_CONVERSION = YES;
				CLANG_WARN_OBJC_IMPLICIT_RETAIN_SELF = YES;
				CLANG_WARN_OBJC_LITERAL_CONVERSION = YES;
				CLANG_WARN_OBJC_ROOT_CLASS = YES_ERROR;
				CLANG_WARN_QUOTED_INCLUDE_IN_FRAMEWORK_HEADER = YES;
				CLANG_WARN_RANGE_LOOP_ANALYSIS = YES;
				CLANG_WARN_STRICT_PROTOTYPES = YES;
				CLANG_WARN_SUSPICIOUS_MOVE = YES;
				CLANG_WARN_UNGUARDED_AVAILABILITY = YES_AGGRESSIVE;
				CLANG_WARN_UNREACHABLE_CODE = YES;
				CLANG_WARN__DUPLICATE_METHOD_MATCH = YES;
				COPY_PHASE_STRIP = NO;
				DEBUG_INFORMATION_FORMAT = "dwarf-with-dsym";
				ENABLE_NS_ASSERTIONS = NO;
				ENABLE_STRICT_OBJC_MSGSEND = YES;
				ENABLE_USER_SCRIPT_SANDBOXING = YES;
				GCC_C_LANGUAGE_STANDARD = gnu17;
				GCC_NO_COMMON_BLOCKS = YES;
				GCC_WARN_64_TO_32_BIT_CONVERSION = YES;
				GCC_WARN_ABOUT_RETURN_TYPE = YES_ERROR;
				GCC_WARN_UNDECLARED_SELECTOR = YES;
				GCC_WARN_UNINITIALIZED_AUTOS = YES_AGGRESSIVE;
				GCC_WARN_UNUSED_FUNCTION = YES;
				GCC_WARN_UNUSED_VARIABLE = YES;
				IPHONEOS_DEPLOYMENT_TARGET = 17.5;
				LOCALIZATION_PREFERS_STRING_CATALOGS = YES;
				MTL_ENABLE_DEBUG_INFO = NO;
				MTL_FAST_MATH = YES;
				SDKROOT = iphoneos;
				SWIFT_COMPILATION_MODE = wholemodule;
				VALIDATE_PRODUCT = YES;
			};
			name = Release;
		};
		4FFBC3CA2C46608500FE68D9 /* Debug */ = {
			isa = XCBuildConfiguration;
			buildSettings = {
				ASSETCATALOG_COMPILER_APPICON_NAME = AppIcon;
				ASSETCATALOG_COMPILER_GLOBAL_ACCENT_COLOR_NAME = AccentColor;
				CODE_SIGN_STYLE = Automatic;
				CURRENT_PROJECT_VERSION = 1;
				DEVELOPMENT_ASSET_PATHS = "\"GourmetGuesser/Preview Content\"";
				DEVELOPMENT_TEAM = PSU9VZHG7L;
				ENABLE_PREVIEWS = YES;
				GENERATE_INFOPLIST_FILE = YES;
				INFOPLIST_KEY_UIApplicationSceneManifest_Generation = YES;
				INFOPLIST_KEY_UIApplicationSupportsIndirectInputEvents = YES;
				INFOPLIST_KEY_UILaunchScreen_Generation = YES;
				INFOPLIST_KEY_UILaunchStoryboardName = "Launch Screen.storyboard";
				INFOPLIST_KEY_UISupportedInterfaceOrientations = UIInterfaceOrientationPortrait;
				INFOPLIST_KEY_UISupportedInterfaceOrientations_iPad = "UIInterfaceOrientationLandscapeLeft UIInterfaceOrientationLandscapeRight UIInterfaceOrientationPortrait UIInterfaceOrientationPortraitUpsideDown";
				IPHONEOS_DEPLOYMENT_TARGET = 17.0;
				LD_RUNPATH_SEARCH_PATHS = (
					"$(inherited)",
					"@executable_path/Frameworks",
				);
				MARKETING_VERSION = 1.0;
				PRODUCT_BUNDLE_IDENTIFIER = io.zwicker.GourmetGuesser;
				PRODUCT_NAME = "$(TARGET_NAME)";
				SUPPORTED_PLATFORMS = "iphoneos iphonesimulator";
				SUPPORTS_MACCATALYST = NO;
				SUPPORTS_MAC_DESIGNED_FOR_IPHONE_IPAD = NO;
				SUPPORTS_XR_DESIGNED_FOR_IPHONE_IPAD = NO;
				SWIFT_EMIT_LOC_STRINGS = YES;
				SWIFT_VERSION = 5.0;
				TARGETED_DEVICE_FAMILY = 1;
			};
			name = Debug;
		};
		4FFBC3CB2C46608500FE68D9 /* Release */ = {
			isa = XCBuildConfiguration;
			buildSettings = {
				ASSETCATALOG_COMPILER_APPICON_NAME = AppIcon;
				ASSETCATALOG_COMPILER_GLOBAL_ACCENT_COLOR_NAME = AccentColor;
				CODE_SIGN_STYLE = Automatic;
				CURRENT_PROJECT_VERSION = 1;
				DEVELOPMENT_ASSET_PATHS = "\"GourmetGuesser/Preview Content\"";
				DEVELOPMENT_TEAM = PSU9VZHG7L;
				ENABLE_PREVIEWS = YES;
				GENERATE_INFOPLIST_FILE = YES;
				INFOPLIST_KEY_UIApplicationSceneManifest_Generation = YES;
				INFOPLIST_KEY_UIApplicationSupportsIndirectInputEvents = YES;
				INFOPLIST_KEY_UILaunchScreen_Generation = YES;
				INFOPLIST_KEY_UILaunchStoryboardName = "Launch Screen.storyboard";
				INFOPLIST_KEY_UISupportedInterfaceOrientations = UIInterfaceOrientationPortrait;
				INFOPLIST_KEY_UISupportedInterfaceOrientations_iPad = "UIInterfaceOrientationLandscapeLeft UIInterfaceOrientationLandscapeRight UIInterfaceOrientationPortrait UIInterfaceOrientationPortraitUpsideDown";
				IPHONEOS_DEPLOYMENT_TARGET = 17.0;
				LD_RUNPATH_SEARCH_PATHS = (
					"$(inherited)",
					"@executable_path/Frameworks",
				);
				MARKETING_VERSION = 1.0;
				PRODUCT_BUNDLE_IDENTIFIER = io.zwicker.GourmetGuesser;
				PRODUCT_NAME = "$(TARGET_NAME)";
				SUPPORTED_PLATFORMS = "iphoneos iphonesimulator";
				SUPPORTS_MACCATALYST = NO;
				SUPPORTS_MAC_DESIGNED_FOR_IPHONE_IPAD = NO;
				SUPPORTS_XR_DESIGNED_FOR_IPHONE_IPAD = NO;
				SWIFT_EMIT_LOC_STRINGS = YES;
				SWIFT_VERSION = 5.0;
				TARGETED_DEVICE_FAMILY = 1;
			};
			name = Release;
		};
/* End XCBuildConfiguration section */

/* Begin XCConfigurationList section */
		4FFBC3B62C46608400FE68D9 /* Build configuration list for PBXProject "GourmetGuesser" */ = {
			isa = XCConfigurationList;
			buildConfigurations = (
				4FFBC3C72C46608500FE68D9 /* Debug */,
				4FFBC3C82C46608500FE68D9 /* Release */,
			);
			defaultConfigurationIsVisible = 0;
			defaultConfigurationName = Release;
		};
		4FFBC3C92C46608500FE68D9 /* Build configuration list for PBXNativeTarget "GourmetGuesser" */ = {
			isa = XCConfigurationList;
			buildConfigurations = (
				4FFBC3CA2C46608500FE68D9 /* Debug */,
				4FFBC3CB2C46608500FE68D9 /* Release */,
			);
			defaultConfigurationIsVisible = 0;
			defaultConfigurationName = Release;
		};
/* End XCConfigurationList section */

/* Begin XCRemoteSwiftPackageReference section */
		4FFBC3D42C4663CB00FE68D9 /* XCRemoteSwiftPackageReference "SwiftChameleon" */ = {
			isa = XCRemoteSwiftPackageReference;
			repositoryURL = "https://github.com/simon-zwicker/SwiftChameleon";
			requirement = {
				branch = main;
				kind = branch;
			};
		};
		4FFBC3D72C4663D300FE68D9 /* XCRemoteSwiftPackageReference "Mammut" */ = {
			isa = XCRemoteSwiftPackageReference;
			repositoryURL = "https://github.com/simon-zwicker/Mammut";
			requirement = {
				branch = main;
				kind = branch;
			};
		};
/* End XCRemoteSwiftPackageReference section */

/* Begin XCSwiftPackageProductDependency section */
		4FFBC3D52C4663CB00FE68D9 /* SwiftChameleon */ = {
			isa = XCSwiftPackageProductDependency;
			package = 4FFBC3D42C4663CB00FE68D9 /* XCRemoteSwiftPackageReference "SwiftChameleon" */;
			productName = SwiftChameleon;
		};
		4FFBC3D82C4663D300FE68D9 /* Mammut */ = {
			isa = XCSwiftPackageProductDependency;
			package = 4FFBC3D72C4663D300FE68D9 /* XCRemoteSwiftPackageReference "Mammut" */;
			productName = Mammut;
		};
/* End XCSwiftPackageProductDependency section */
	};
	rootObject = 4FFBC3B32C46608400FE68D9 /* Project object */;
}
